// !$*UTF8*$!
{
	archiveVersion = 1;
	classes = {
	};
	objectVersion = 55;
	objects = {

/* Begin PBXBuildFile section */
		56AFBE4C298E351100A2430D /* UberEatsMenuApp.swift in Sources */ = {isa = PBXBuildFile; fileRef = 56AFBE4B298E351100A2430D /* UberEatsMenuApp.swift */; };
		56AFBE4E298E351100A2430D /* ContentView.swift in Sources */ = {isa = PBXBuildFile; fileRef = 56AFBE4D298E351100A2430D /* ContentView.swift */; };
		56AFBE50298E351200A2430D /* Assets.xcassets in Resources */ = {isa = PBXBuildFile; fileRef = 56AFBE4F298E351200A2430D /* Assets.xcassets */; };
		56AFBE53298E351200A2430D /* Preview Assets.xcassets in Resources */ = {isa = PBXBuildFile; fileRef = 56AFBE52298E351200A2430D /* Preview Assets.xcassets */; };
		56AFBE55298E351200A2430D /* Persistence.swift in Sources */ = {isa = PBXBuildFile; fileRef = 56AFBE54298E351200A2430D /* Persistence.swift */; };
		56AFBE58298E351200A2430D /* UberEatsMenu.xcdatamodeld in Sources */ = {isa = PBXBuildFile; fileRef = 56AFBE56298E351200A2430D /* UberEatsMenu.xcdatamodeld */; };
		56AFBE62298E351200A2430D /* UberEatsMenuTests.swift in Sources */ = {isa = PBXBuildFile; fileRef = 56AFBE61298E351200A2430D /* UberEatsMenuTests.swift */; };
		56AFBE6C298E351200A2430D /* UberEatsMenuUITests.swift in Sources */ = {isa = PBXBuildFile; fileRef = 56AFBE6B298E351200A2430D /* UberEatsMenuUITests.swift */; };
		56AFBE6E298E351200A2430D /* UberEatsMenuUITestsLaunchTests.swift in Sources */ = {isa = PBXBuildFile; fileRef = 56AFBE6D298E351200A2430D /* UberEatsMenuUITestsLaunchTests.swift */; };
		56AFBE7B298E367500A2430D /* MenuBarOptions.swift in Sources */ = {isa = PBXBuildFile; fileRef = 56AFBE7A298E367500A2430D /* MenuBarOptions.swift */; };
		56AFBE7D298E372E00A2430D /* MenuOptionsList.swift in Sources */ = {isa = PBXBuildFile; fileRef = 56AFBE7C298E372E00A2430D /* MenuOptionsList.swift */; };
		56AFBE7F298E3A9300A2430D /* MenuItemSection.swift in Sources */ = {isa = PBXBuildFile; fileRef = 56AFBE7E298E3A9300A2430D /* MenuItemSection.swift */; };
		56AFBE81298E3ADB00A2430D /* FoodItem.swift in Sources */ = {isa = PBXBuildFile; fileRef = 56AFBE80298E3ADB00A2430D /* FoodItem.swift */; };
		56AFBE83298E487500A2430D /* OffsetKey.swift in Sources */ = {isa = PBXBuildFile; fileRef = 56AFBE82298E487500A2430D /* OffsetKey.swift */; };
		56AFBE85298E48F900A2430D /* OffsetModifier.swift in Sources */ = {isa = PBXBuildFile; fileRef = 56AFBE84298E48F900A2430D /* OffsetModifier.swift */; };
/* End PBXBuildFile section */

/* Begin PBXContainerItemProxy section */
		56AFBE5E298E351200A2430D /* PBXContainerItemProxy */ = {
			isa = PBXContainerItemProxy;
			containerPortal = 56AFBE40298E351100A2430D /* Project object */;
			proxyType = 1;
			remoteGlobalIDString = 56AFBE47298E351100A2430D;
			remoteInfo = UberEatsMenu;
		};
		56AFBE68298E351200A2430D /* PBXContainerItemProxy */ = {
			isa = PBXContainerItemProxy;
			containerPortal = 56AFBE40298E351100A2430D /* Project object */;
			proxyType = 1;
			remoteGlobalIDString = 56AFBE47298E351100A2430D;
			remoteInfo = UberEatsMenu;
		};
/* End PBXContainerItemProxy section */

/* Begin PBXFileReference section */
		56AFBE48298E351100A2430D /* UberEatsMenu.app */ = {isa = PBXFileReference; explicitFileType = wrapper.application; includeInIndex = 0; path = UberEatsMenu.app; sourceTree = BUILT_PRODUCTS_DIR; };
		56AFBE4B298E351100A2430D /* UberEatsMenuApp.swift */ = {isa = PBXFileReference; lastKnownFileType = sourcecode.swift; path = UberEatsMenuApp.swift; sourceTree = "<group>"; };
		56AFBE4D298E351100A2430D /* ContentView.swift */ = {isa = PBXFileReference; lastKnownFileType = sourcecode.swift; path = ContentView.swift; sourceTree = "<group>"; };
		56AFBE4F298E351200A2430D /* Assets.xcassets */ = {isa = PBXFileReference; lastKnownFileType = folder.assetcatalog; path = Assets.xcassets; sourceTree = "<group>"; };
		56AFBE52298E351200A2430D /* Preview Assets.xcassets */ = {isa = PBXFileReference; lastKnownFileType = folder.assetcatalog; path = "Preview Assets.xcassets"; sourceTree = "<group>"; };
		56AFBE54298E351200A2430D /* Persistence.swift */ = {isa = PBXFileReference; lastKnownFileType = sourcecode.swift; path = Persistence.swift; sourceTree = "<group>"; };
		56AFBE57298E351200A2430D /* UberEatsMenu.xcdatamodel */ = {isa = PBXFileReference; lastKnownFileType = wrapper.xcdatamodel; path = UberEatsMenu.xcdatamodel; sourceTree = "<group>"; };
		56AFBE5D298E351200A2430D /* UberEatsMenuTests.xctest */ = {isa = PBXFileReference; explicitFileType = wrapper.cfbundle; includeInIndex = 0; path = UberEatsMenuTests.xctest; sourceTree = BUILT_PRODUCTS_DIR; };
		56AFBE61298E351200A2430D /* UberEatsMenuTests.swift */ = {isa = PBXFileReference; lastKnownFileType = sourcecode.swift; path = UberEatsMenuTests.swift; sourceTree = "<group>"; };
		56AFBE67298E351200A2430D /* UberEatsMenuUITests.xctest */ = {isa = PBXFileReference; explicitFileType = wrapper.cfbundle; includeInIndex = 0; path = UberEatsMenuUITests.xctest; sourceTree = BUILT_PRODUCTS_DIR; };
		56AFBE6B298E351200A2430D /* UberEatsMenuUITests.swift */ = {isa = PBXFileReference; lastKnownFileType = sourcecode.swift; path = UberEatsMenuUITests.swift; sourceTree = "<group>"; };
		56AFBE6D298E351200A2430D /* UberEatsMenuUITestsLaunchTests.swift */ = {isa = PBXFileReference; lastKnownFileType = sourcecode.swift; path = UberEatsMenuUITestsLaunchTests.swift; sourceTree = "<group>"; };
		56AFBE7A298E367500A2430D /* MenuBarOptions.swift */ = {isa = PBXFileReference; lastKnownFileType = sourcecode.swift; path = MenuBarOptions.swift; sourceTree = "<group>"; };
		56AFBE7C298E372E00A2430D /* MenuOptionsList.swift */ = {isa = PBXFileReference; lastKnownFileType = sourcecode.swift; path = MenuOptionsList.swift; sourceTree = "<group>"; };
		56AFBE7E298E3A9300A2430D /* MenuItemSection.swift */ = {isa = PBXFileReference; lastKnownFileType = sourcecode.swift; path = MenuItemSection.swift; sourceTree = "<group>"; };
		56AFBE80298E3ADB00A2430D /* FoodItem.swift */ = {isa = PBXFileReference; lastKnownFileType = sourcecode.swift; path = FoodItem.swift; sourceTree = "<group>"; };
		56AFBE82298E487500A2430D /* OffsetKey.swift */ = {isa = PBXFileReference; lastKnownFileType = sourcecode.swift; path = OffsetKey.swift; sourceTree = "<group>"; };
		56AFBE84298E48F900A2430D /* OffsetModifier.swift */ = {isa = PBXFileReference; lastKnownFileType = sourcecode.swift; path = OffsetModifier.swift; sourceTree = "<group>"; };
/* End PBXFileReference section */

/* Begin PBXFrameworksBuildPhase section */
		56AFBE45298E351100A2430D /* Frameworks */ = {
			isa = PBXFrameworksBuildPhase;
			buildActionMask = 2147483647;
			files = (
			);
			runOnlyForDeploymentPostprocessing = 0;
		};
		56AFBE5A298E351200A2430D /* Frameworks */ = {
			isa = PBXFrameworksBuildPhase;
			buildActionMask = 2147483647;
			files = (
			);
			runOnlyForDeploymentPostprocessing = 0;
		};
		56AFBE64298E351200A2430D /* Frameworks */ = {
			isa = PBXFrameworksBuildPhase;
			buildActionMask = 2147483647;
			files = (
			);
			runOnlyForDeploymentPostprocessing = 0;
		};
/* End PBXFrameworksBuildPhase section */

/* Begin PBXGroup section */
		56AFBE3F298E351100A2430D = {
			isa = PBXGroup;
			children = (
				56AFBE4A298E351100A2430D /* UberEatsMenu */,
				56AFBE60298E351200A2430D /* UberEatsMenuTests */,
				56AFBE6A298E351200A2430D /* UberEatsMenuUITests */,
				56AFBE49298E351100A2430D /* Products */,
			);
			sourceTree = "<group>";
		};
		56AFBE49298E351100A2430D /* Products */ = {
			isa = PBXGroup;
			children = (
				56AFBE48298E351100A2430D /* UberEatsMenu.app */,
				56AFBE5D298E351200A2430D /* UberEatsMenuTests.xctest */,
				56AFBE67298E351200A2430D /* UberEatsMenuUITests.xctest */,
			);
			name = Products;
			sourceTree = "<group>";
		};
		56AFBE4A298E351100A2430D /* UberEatsMenu */ = {
			isa = PBXGroup;
			children = (
				56AFBE4B298E351100A2430D /* UberEatsMenuApp.swift */,
				56AFBE4D298E351100A2430D /* ContentView.swift */,
				56AFBE4F298E351200A2430D /* Assets.xcassets */,
				56AFBE54298E351200A2430D /* Persistence.swift */,
				56AFBE56298E351200A2430D /* UberEatsMenu.xcdatamodeld */,
				56AFBE51298E351200A2430D /* Preview Content */,
				56AFBE7A298E367500A2430D /* MenuBarOptions.swift */,
				56AFBE7C298E372E00A2430D /* MenuOptionsList.swift */,
				56AFBE7E298E3A9300A2430D /* MenuItemSection.swift */,
				56AFBE80298E3ADB00A2430D /* FoodItem.swift */,
				56AFBE82298E487500A2430D /* OffsetKey.swift */,
				56AFBE84298E48F900A2430D /* OffsetModifier.swift */,
			);
			path = UberEatsMenu;
			sourceTree = "<group>";
		};
		56AFBE51298E351200A2430D /* Preview Content */ = {
			isa = PBXGroup;
			children = (
				56AFBE52298E351200A2430D /* Preview Assets.xcassets */,
			);
			path = "Preview Content";
			sourceTree = "<group>";
		};
		56AFBE60298E351200A2430D /* UberEatsMenuTests */ = {
			isa = PBXGroup;
			children = (
				56AFBE61298E351200A2430D /* UberEatsMenuTests.swift */,
			);
			path = UberEatsMenuTests;
			sourceTree = "<group>";
		};
		56AFBE6A298E351200A2430D /* UberEatsMenuUITests */ = {
			isa = PBXGroup;
			children = (
				56AFBE6B298E351200A2430D /* UberEatsMenuUITests.swift */,
				56AFBE6D298E351200A2430D /* UberEatsMenuUITestsLaunchTests.swift */,
			);
			path = UberEatsMenuUITests;
			sourceTree = "<group>";
		};
/* End PBXGroup section */

/* Begin PBXNativeTarget section */
		56AFBE47298E351100A2430D /* UberEatsMenu */ = {
			isa = PBXNativeTarget;
			buildConfigurationList = 56AFBE71298E351200A2430D /* Build configuration list for PBXNativeTarget "UberEatsMenu" */;
			buildPhases = (
				56AFBE44298E351100A2430D /* Sources */,
				56AFBE45298E351100A2430D /* Frameworks */,
				56AFBE46298E351100A2430D /* Resources */,
			);
			buildRules = (
			);
			dependencies = (
			);
			name = UberEatsMenu;
			productName = UberEatsMenu;
			productReference = 56AFBE48298E351100A2430D /* UberEatsMenu.app */;
			productType = "com.apple.product-type.application";
		};
		56AFBE5C298E351200A2430D /* UberEatsMenuTests */ = {
			isa = PBXNativeTarget;
			buildConfigurationList = 56AFBE74298E351200A2430D /* Build configuration list for PBXNativeTarget "UberEatsMenuTests" */;
			buildPhases = (
				56AFBE59298E351200A2430D /* Sources */,
				56AFBE5A298E351200A2430D /* Frameworks */,
				56AFBE5B298E351200A2430D /* Resources */,
			);
			buildRules = (
			);
			dependencies = (
				56AFBE5F298E351200A2430D /* PBXTargetDependency */,
			);
			name = UberEatsMenuTests;
			productName = UberEatsMenuTests;
			productReference = 56AFBE5D298E351200A2430D /* UberEatsMenuTests.xctest */;
			productType = "com.apple.product-type.bundle.unit-test";
		};
		56AFBE66298E351200A2430D /* UberEatsMenuUITests */ = {
			isa = PBXNativeTarget;
			buildConfigurationList = 56AFBE77298E351200A2430D /* Build configuration list for PBXNativeTarget "UberEatsMenuUITests" */;
			buildPhases = (
				56AFBE63298E351200A2430D /* Sources */,
				56AFBE64298E351200A2430D /* Frameworks */,
				56AFBE65298E351200A2430D /* Resources */,
			);
			buildRules = (
			);
			dependencies = (
				56AFBE69298E351200A2430D /* PBXTargetDependency */,
			);
			name = UberEatsMenuUITests;
			productName = UberEatsMenuUITests;
			productReference = 56AFBE67298E351200A2430D /* UberEatsMenuUITests.xctest */;
			productType = "com.apple.product-type.bundle.ui-testing";
		};
/* End PBXNativeTarget section */

/* Begin PBXProject section */
		56AFBE40298E351100A2430D /* Project object */ = {
			isa = PBXProject;
			attributes = {
				BuildIndependentTargetsInParallel = 1;
				LastSwiftUpdateCheck = 1340;
				LastUpgradeCheck = 1340;
				TargetAttributes = {
					56AFBE47298E351100A2430D = {
						CreatedOnToolsVersion = 13.4;
					};
					56AFBE5C298E351200A2430D = {
						CreatedOnToolsVersion = 13.4;
						TestTargetID = 56AFBE47298E351100A2430D;
					};
					56AFBE66298E351200A2430D = {
						CreatedOnToolsVersion = 13.4;
						TestTargetID = 56AFBE47298E351100A2430D;
					};
				};
			};
			buildConfigurationList = 56AFBE43298E351100A2430D /* Build configuration list for PBXProject "UberEatsMenu" */;
			compatibilityVersion = "Xcode 13.0";
			developmentRegion = en;
			hasScannedForEncodings = 0;
			knownRegions = (
				en,
				Base,
			);
			mainGroup = 56AFBE3F298E351100A2430D;
			productRefGroup = 56AFBE49298E351100A2430D /* Products */;
			projectDirPath = "";
			projectRoot = "";
			targets = (
				56AFBE47298E351100A2430D /* UberEatsMenu */,
				56AFBE5C298E351200A2430D /* UberEatsMenuTests */,
				56AFBE66298E351200A2430D /* UberEatsMenuUITests */,
			);
		};
/* End PBXProject section */

/* Begin PBXResourcesBuildPhase section */
		56AFBE46298E351100A2430D /* Resources */ = {
			isa = PBXResourcesBuildPhase;
			buildActionMask = 2147483647;
			files = (
				56AFBE53298E351200A2430D /* Preview Assets.xcassets in Resources */,
				56AFBE50298E351200A2430D /* Assets.xcassets in Resources */,
			);
			runOnlyForDeploymentPostprocessing = 0;
		};
		56AFBE5B298E351200A2430D /* Resources */ = {
			isa = PBXResourcesBuildPhase;
			buildActionMask = 2147483647;
			files = (
			);
			runOnlyForDeploymentPostprocessing = 0;
		};
		56AFBE65298E351200A2430D /* Resources */ = {
			isa = PBXResourcesBuildPhase;
			buildActionMask = 2147483647;
			files = (
			);
			runOnlyForDeploymentPostprocessing = 0;
		};
/* End PBXResourcesBuildPhase section */

/* Begin PBXSourcesBuildPhase section */
		56AFBE44298E351100A2430D /* Sources */ = {
			isa = PBXSourcesBuildPhase;
			buildActionMask = 2147483647;
			files = (
				56AFBE81298E3ADB00A2430D /* FoodItem.swift in Sources */,
				56AFBE55298E351200A2430D /* Persistence.swift in Sources */,
				56AFBE7B298E367500A2430D /* MenuBarOptions.swift in Sources */,
				56AFBE58298E351200A2430D /* UberEatsMenu.xcdatamodeld in Sources */,
				56AFBE7D298E372E00A2430D /* MenuOptionsList.swift in Sources */,
				56AFBE4E298E351100A2430D /* ContentView.swift in Sources */,
				56AFBE83298E487500A2430D /* OffsetKey.swift in Sources */,
				56AFBE85298E48F900A2430D /* OffsetModifier.swift in Sources */,
				56AFBE7F298E3A9300A2430D /* MenuItemSection.swift in Sources */,
				56AFBE4C298E351100A2430D /* UberEatsMenuApp.swift in Sources */,
			);
			runOnlyForDeploymentPostprocessing = 0;
		};
		56AFBE59298E351200A2430D /* Sources */ = {
			isa = PBXSourcesBuildPhase;
			buildActionMask = 2147483647;
			files = (
				56AFBE62298E351200A2430D /* UberEatsMenuTests.swift in Sources */,
			);
			runOnlyForDeploymentPostprocessing = 0;
		};
		56AFBE63298E351200A2430D /* Sources */ = {
			isa = PBXSourcesBuildPhase;
			buildActionMask = 2147483647;
			files = (
				56AFBE6E298E351200A2430D /* UberEatsMenuUITestsLaunchTests.swift in Sources */,
				56AFBE6C298E351200A2430D /* UberEatsMenuUITests.swift in Sources */,
			);
			runOnlyForDeploymentPostprocessing = 0;
		};
/* End PBXSourcesBuildPhase section */

/* Begin PBXTargetDependency section */
		56AFBE5F298E351200A2430D /* PBXTargetDependency */ = {
			isa = PBXTargetDependency;
			target = 56AFBE47298E351100A2430D /* UberEatsMenu */;
			targetProxy = 56AFBE5E298E351200A2430D /* PBXContainerItemProxy */;
		};
		56AFBE69298E351200A2430D /* PBXTargetDependency */ = {
			isa = PBXTargetDependency;
			target = 56AFBE47298E351100A2430D /* UberEatsMenu */;
			targetProxy = 56AFBE68298E351200A2430D /* PBXContainerItemProxy */;
		};
/* End PBXTargetDependency section */

/* Begin XCBuildConfiguration section */
		56AFBE6F298E351200A2430D /* Debug */ = {
			isa = XCBuildConfiguration;
			buildSettings = {
				ALWAYS_SEARCH_USER_PATHS = NO;
				CLANG_ANALYZER_NONNULL = YES;
				CLANG_ANALYZER_NUMBER_OBJECT_CONVERSION = YES_AGGRESSIVE;
				CLANG_CXX_LANGUAGE_STANDARD = "gnu++17";
				CLANG_ENABLE_MODULES = YES;
				CLANG_ENABLE_OBJC_ARC = YES;
				CLANG_ENABLE_OBJC_WEAK = YES;
				CLANG_WARN_BLOCK_CAPTURE_AUTORELEASING = YES;
				CLANG_WARN_BOOL_CONVERSION = YES;
				CLANG_WARN_COMMA = YES;
				CLANG_WARN_CONSTANT_CONVERSION = YES;
				CLANG_WARN_DEPRECATED_OBJC_IMPLEMENTATIONS = YES;
				CLANG_WARN_DIRECT_OBJC_ISA_USAGE = YES_ERROR;
				CLANG_WARN_DOCUMENTATION_COMMENTS = YES;
				CLANG_WARN_EMPTY_BODY = YES;
				CLANG_WARN_ENUM_CONVERSION = YES;
				CLANG_WARN_INFINITE_RECURSION = YES;
				CLANG_WARN_INT_CONVERSION = YES;
				CLANG_WARN_NON_LITERAL_NULL_CONVERSION = YES;
				CLANG_WARN_OBJC_IMPLICIT_RETAIN_SELF = YES;
				CLANG_WARN_OBJC_LITERAL_CONVERSION = YES;
				CLANG_WARN_OBJC_ROOT_CLASS = YES_ERROR;
				CLANG_WARN_QUOTED_INCLUDE_IN_FRAMEWORK_HEADER = YES;
				CLANG_WARN_RANGE_LOOP_ANALYSIS = YES;
				CLANG_WARN_STRICT_PROTOTYPES = YES;
				CLANG_WARN_SUSPICIOUS_MOVE = YES;
				CLANG_WARN_UNGUARDED_AVAILABILITY = YES_AGGRESSIVE;
				CLANG_WARN_UNREACHABLE_CODE = YES;
				CLANG_WARN__DUPLICATE_METHOD_MATCH = YES;
				COPY_PHASE_STRIP = NO;
				DEBUG_INFORMATION_FORMAT = dwarf;
				ENABLE_STRICT_OBJC_MSGSEND = YES;
				ENABLE_TESTABILITY = YES;
				GCC_C_LANGUAGE_STANDARD = gnu11;
				GCC_DYNAMIC_NO_PIC = NO;
				GCC_NO_COMMON_BLOCKS = YES;
				GCC_OPTIMIZATION_LEVEL = 0;
				GCC_PREPROCESSOR_DEFINITIONS = (
					"DEBUG=1",
					"$(inherited)",
				);
				GCC_WARN_64_TO_32_BIT_CONVERSION = YES;
				GCC_WARN_ABOUT_RETURN_TYPE = YES_ERROR;
				GCC_WARN_UNDECLARED_SELECTOR = YES;
				GCC_WARN_UNINITIALIZED_AUTOS = YES_AGGRESSIVE;
				GCC_WARN_UNUSED_FUNCTION = YES;
				GCC_WARN_UNUSED_VARIABLE = YES;
				IPHONEOS_DEPLOYMENT_TARGET = 15.5;
				MTL_ENABLE_DEBUG_INFO = INCLUDE_SOURCE;
				MTL_FAST_MATH = YES;
				ONLY_ACTIVE_ARCH = YES;
				SDKROOT = iphoneos;
				SWIFT_ACTIVE_COMPILATION_CONDITIONS = DEBUG;
				SWIFT_OPTIMIZATION_LEVEL = "-Onone";
			};
			name = Debug;
		};
		56AFBE70298E351200A2430D /* Release */ = {
			isa = XCBuildConfiguration;
			buildSettings = {
				ALWAYS_SEARCH_USER_PATHS = NO;
				CLANG_ANALYZER_NONNULL = YES;
				CLANG_ANALYZER_NUMBER_OBJECT_CONVERSION = YES_AGGRESSIVE;
				CLANG_CXX_LANGUAGE_STANDARD = "gnu++17";
				CLANG_ENABLE_MODULES = YES;
				CLANG_ENABLE_OBJC_ARC = YES;
				CLANG_ENABLE_OBJC_WEAK = YES;
				CLANG_WARN_BLOCK_CAPTURE_AUTORELEASING = YES;
				CLANG_WARN_BOOL_CONVERSION = YES;
				CLANG_WARN_COMMA = YES;
				CLANG_WARN_CONSTANT_CONVERSION = YES;
				CLANG_WARN_DEPRECATED_OBJC_IMPLEMENTATIONS = YES;
				CLANG_WARN_DIRECT_OBJC_ISA_USAGE = YES_ERROR;
				CLANG_WARN_DOCUMENTATION_COMMENTS = YES;
				CLANG_WARN_EMPTY_BODY = YES;
				CLANG_WARN_ENUM_CONVERSION = YES;
				CLANG_WARN_INFINITE_RECURSION = YES;
				CLANG_WARN_INT_CONVERSION = YES;
				CLANG_WARN_NON_LITERAL_NULL_CONVERSION = YES;
				CLANG_WARN_OBJC_IMPLICIT_RETAIN_SELF = YES;
				CLANG_WARN_OBJC_LITERAL_CONVERSION = YES;
				CLANG_WARN_OBJC_ROOT_CLASS = YES_ERROR;
				CLANG_WARN_QUOTED_INCLUDE_IN_FRAMEWORK_HEADER = YES;
				CLANG_WARN_RANGE_LOOP_ANALYSIS = YES;
				CLANG_WARN_STRICT_PROTOTYPES = YES;
				CLANG_WARN_SUSPICIOUS_MOVE = YES;
				CLANG_WARN_UNGUARDED_AVAILABILITY = YES_AGGRESSIVE;
				CLANG_WARN_UNREACHABLE_CODE = YES;
				CLANG_WARN__DUPLICATE_METHOD_MATCH = YES;
				COPY_PHASE_STRIP = NO;
				DEBUG_INFORMATION_FORMAT = "dwarf-with-dsym";
				ENABLE_NS_ASSERTIONS = NO;
				ENABLE_STRICT_OBJC_MSGSEND = YES;
				GCC_C_LANGUAGE_STANDARD = gnu11;
				GCC_NO_COMMON_BLOCKS = YES;
				GCC_WARN_64_TO_32_BIT_CONVERSION = YES;
				GCC_WARN_ABOUT_RETURN_TYPE = YES_ERROR;
				GCC_WARN_UNDECLARED_SELECTOR = YES;
				GCC_WARN_UNINITIALIZED_AUTOS = YES_AGGRESSIVE;
				GCC_WARN_UNUSED_FUNCTION = YES;
				GCC_WARN_UNUSED_VARIABLE = YES;
				IPHONEOS_DEPLOYMENT_TARGET = 15.5;
				MTL_ENABLE_DEBUG_INFO = NO;
				MTL_FAST_MATH = YES;
				SDKROOT = iphoneos;
				SWIFT_COMPILATION_MODE = wholemodule;
				SWIFT_OPTIMIZATION_LEVEL = "-O";
				VALIDATE_PRODUCT = YES;
			};
			name = Release;
		};
		56AFBE72298E351200A2430D /* Debug */ = {
			isa = XCBuildConfiguration;
			buildSettings = {
				ASSETCATALOG_COMPILER_APPICON_NAME = AppIcon;
				ASSETCATALOG_COMPILER_GLOBAL_ACCENT_COLOR_NAME = AccentColor;
				CODE_SIGN_STYLE = Automatic;
				CURRENT_PROJECT_VERSION = 1;
				DEVELOPMENT_ASSET_PATHS = "\"UberEatsMenu/Preview Content\"";
				DEVELOPMENT_TEAM = CJS2T38LF5;
				ENABLE_PREVIEWS = YES;
				GENERATE_INFOPLIST_FILE = YES;
				INFOPLIST_KEY_UIApplicationSceneManifest_Generation = YES;
				INFOPLIST_KEY_UIApplicationSupportsIndirectInputEvents = YES;
				INFOPLIST_KEY_UILaunchScreen_Generation = YES;
				INFOPLIST_KEY_UISupportedInterfaceOrientations_iPad = "UIInterfaceOrientationPortrait UIInterfaceOrientationPortraitUpsideDown UIInterfaceOrientationLandscapeLeft UIInterfaceOrientationLandscapeRight";
				INFOPLIST_KEY_UISupportedInterfaceOrientations_iPhone = "UIInterfaceOrientationPortrait UIInterfaceOrientationLandscapeLeft UIInterfaceOrientationLandscapeRight";
				LD_RUNPATH_SEARCH_PATHS = (
					"$(inherited)",
					"@executable_path/Frameworks",
				);
				MARKETING_VERSION = 1.0;
				PRODUCT_BUNDLE_IDENTIFIER = com.ahron.UberEatsMenu;
				PRODUCT_NAME = "$(TARGET_NAME)";
				SWIFT_EMIT_LOC_STRINGS = YES;
				SWIFT_VERSION = 5.0;
				TARGETED_DEVICE_FAMILY = "1,2";
			};
			name = Debug;
		};
		56AFBE73298E351200A2430D /* Release */ = {
			isa = XCBuildConfiguration;
			buildSettings = {
				ASSETCATALOG_COMPILER_APPICON_NAME = AppIcon;
				ASSETCATALOG_COMPILER_GLOBAL_ACCENT_COLOR_NAME = AccentColor;
				CODE_SIGN_STYLE = Automatic;
				CURRENT_PROJECT_VERSION = 1;
				DEVELOPMENT_ASSET_PATHS = "\"UberEatsMenu/Preview Content\"";
				DEVELOPMENT_TEAM = CJS2T38LF5;
				ENABLE_PREVIEWS = YES;
				GENERATE_INFOPLIST_FILE = YES;
				INFOPLIST_KEY_UIApplicationSceneManifest_Generation = YES;
				INFOPLIST_KEY_UIApplicationSupportsIndirectInputEvents = YES;
				INFOPLIST_KEY_UILaunchScreen_Generation = YES;
				INFOPLIST_KEY_UISupportedInterfaceOrientations_iPad = "UIInterfaceOrientationPortrait UIInterfaceOrientationPortraitUpsideDown UIInterfaceOrientationLandscapeLeft UIInterfaceOrientationLandscapeRight";
				INFOPLIST_KEY_UISupportedInterfaceOrientations_iPhone = "UIInterfaceOrientationPortrait UIInterfaceOrientationLandscapeLeft UIInterfaceOrientationLandscapeRight";
				LD_RUNPATH_SEARCH_PATHS = (
					"$(inherited)",
					"@executable_path/Frameworks",
				);
				MARKETING_VERSION = 1.0;
				PRODUCT_BUNDLE_IDENTIFIER = com.ahron.UberEatsMenu;
				PRODUCT_NAME = "$(TARGET_NAME)";
				SWIFT_EMIT_LOC_STRINGS = YES;
				SWIFT_VERSION = 5.0;
				TARGETED_DEVICE_FAMILY = "1,2";
			};
			name = Release;
		};
		56AFBE75298E351200A2430D /* Debug */ = {
			isa = XCBuildConfiguration;
			buildSettings = {
				ALWAYS_EMBED_SWIFT_STANDARD_LIBRARIES = YES;
				BUNDLE_LOADER = "$(TEST_HOST)";
				CODE_SIGN_STYLE = Automatic;
				CURRENT_PROJECT_VERSION = 1;
				DEVELOPMENT_TEAM = CJS2T38LF5;
				GENERATE_INFOPLIST_FILE = YES;
				IPHONEOS_DEPLOYMENT_TARGET = 15.5;
				MARKETING_VERSION = 1.0;
				PRODUCT_BUNDLE_IDENTIFIER = com.ahron.UberEatsMenuTests;
				PRODUCT_NAME = "$(TARGET_NAME)";
				SWIFT_EMIT_LOC_STRINGS = NO;
				SWIFT_VERSION = 5.0;
				TARGETED_DEVICE_FAMILY = "1,2";
				TEST_HOST = "$(BUILT_PRODUCTS_DIR)/UberEatsMenu.app/UberEatsMenu";
			};
			name = Debug;
		};
		56AFBE76298E351200A2430D /* Release */ = {
			isa = XCBuildConfiguration;
			buildSettings = {
				ALWAYS_EMBED_SWIFT_STANDARD_LIBRARIES = YES;
				BUNDLE_LOADER = "$(TEST_HOST)";
				CODE_SIGN_STYLE = Automatic;
				CURRENT_PROJECT_VERSION = 1;
				DEVELOPMENT_TEAM = CJS2T38LF5;
				GENERATE_INFOPLIST_FILE = YES;
				IPHONEOS_DEPLOYMENT_TARGET = 15.5;
				MARKETING_VERSION = 1.0;
				PRODUCT_BUNDLE_IDENTIFIER = com.ahron.UberEatsMenuTests;
				PRODUCT_NAME = "$(TARGET_NAME)";
				SWIFT_EMIT_LOC_STRINGS = NO;
				SWIFT_VERSION = 5.0;
				TARGETED_DEVICE_FAMILY = "1,2";
				TEST_HOST = "$(BUILT_PRODUCTS_DIR)/UberEatsMenu.app/UberEatsMenu";
			};
			name = Release;
		};
		56AFBE78298E351200A2430D /* Debug */ = {
			isa = XCBuildConfiguration;
			buildSettings = {
				ALWAYS_EMBED_SWIFT_STANDARD_LIBRARIES = YES;
				CODE_SIGN_STYLE = Automatic;
				CURRENT_PROJECT_VERSION = 1;
				DEVELOPMENT_TEAM = CJS2T38LF5;
				GENERATE_INFOPLIST_FILE = YES;
				MARKETING_VERSION = 1.0;
				PRODUCT_BUNDLE_IDENTIFIER = com.ahron.UberEatsMenuUITests;
				PRODUCT_NAME = "$(TARGET_NAME)";
				SWIFT_EMIT_LOC_STRINGS = NO;
				SWIFT_VERSION = 5.0;
				TARGETED_DEVICE_FAMILY = "1,2";
				TEST_TARGET_NAME = UberEatsMenu;
			};
			name = Debug;
		};
		56AFBE79298E351200A2430D /* Release */ = {
			isa = XCBuildConfiguration;
			buildSettings = {
				ALWAYS_EMBED_SWIFT_STANDARD_LIBRARIES = YES;
				CODE_SIGN_STYLE = Automatic;
				CURRENT_PROJECT_VERSION = 1;
				DEVELOPMENT_TEAM = CJS2T38LF5;
				GENERATE_INFOPLIST_FILE = YES;
				MARKETING_VERSION = 1.0;
				PRODUCT_BUNDLE_IDENTIFIER = com.ahron.UberEatsMenuUITests;
				PRODUCT_NAME = "$(TARGET_NAME)";
				SWIFT_EMIT_LOC_STRINGS = NO;
				SWIFT_VERSION = 5.0;
				TARGETED_DEVICE_FAMILY = "1,2";
				TEST_TARGET_NAME = UberEatsMenu;
			};
			name = Release;
		};
/* End XCBuildConfiguration section */

/* Begin XCConfigurationList section */
		56AFBE43298E351100A2430D /* Build configuration list for PBXProject "UberEatsMenu" */ = {
			isa = XCConfigurationList;
			buildConfigurations = (
				56AFBE6F298E351200A2430D /* Debug */,
				56AFBE70298E351200A2430D /* Release */,
			);
			defaultConfigurationIsVisible = 0;
			defaultConfigurationName = Release;
		};
		56AFBE71298E351200A2430D /* Build configuration list for PBXNativeTarget "UberEatsMenu" */ = {
			isa = XCConfigurationList;
			buildConfigurations = (
				56AFBE72298E351200A2430D /* Debug */,
				56AFBE73298E351200A2430D /* Release */,
			);
			defaultConfigurationIsVisible = 0;
			defaultConfigurationName = Release;
		};
		56AFBE74298E351200A2430D /* Build configuration list for PBXNativeTarget "UberEatsMenuTests" */ = {
			isa = XCConfigurationList;
			buildConfigurations = (
				56AFBE75298E351200A2430D /* Debug */,
				56AFBE76298E351200A2430D /* Release */,
			);
			defaultConfigurationIsVisible = 0;
			defaultConfigurationName = Release;
		};
		56AFBE77298E351200A2430D /* Build configuration list for PBXNativeTarget "UberEatsMenuUITests" */ = {
			isa = XCConfigurationList;
			buildConfigurations = (
				56AFBE78298E351200A2430D /* Debug */,
				56AFBE79298E351200A2430D /* Release */,
			);
			defaultConfigurationIsVisible = 0;
			defaultConfigurationName = Release;
		};
/* End XCConfigurationList section */

/* Begin XCVersionGroup section */
		56AFBE56298E351200A2430D /* UberEatsMenu.xcdatamodeld */ = {
			isa = XCVersionGroup;
			children = (
				56AFBE57298E351200A2430D /* UberEatsMenu.xcdatamodel */,
			);
			currentVersion = 56AFBE57298E351200A2430D /* UberEatsMenu.xcdatamodel */;
			path = UberEatsMenu.xcdatamodeld;
			sourceTree = "<group>";
			versionGroupType = wrapper.xcdatamodel;
		};
/* End XCVersionGroup section */
	};
	rootObject = 56AFBE40298E351100A2430D /* Project object */;
}
